# This file is generated by running "yarn install" inside your project.
# Manual changes might be lost - proceed with caution!

__metadata:
  version: 4
  cacheKey: 7

"@nwylynko/database@workspace:.":
  version: 0.0.0-use.local
  resolution: "@nwylynko/database@workspace:."
  dependencies:
    "@tsconfig/node14": ^1.0.0
    "@types/mysql": ^2.15.18
    "@types/node": ^15.0.2
    "@types/randomstring": ^1.1.6
    mysql: ^2.18.1
    randomstring: ^1.1.5
    typescript: ^4.2.4
  dependenciesMeta:
    "@types/mysql":
      optional: true
    mysql:
      optional: true
  languageName: unknown
  linkType: soft

"@tsconfig/node14@npm:^1.0.0":
  version: 1.0.0
  resolution: "@tsconfig/node14@npm:1.0.0"
  checksum: 3eda14250ed8a03910ce822056f0d2fc2bcf41d9f1f3c6b202a6b32277dc638f475425fe7a1c03fbdba4e7f3b89668ecbac92d101c9e9fb56018c098393759ec
  languageName: node
  linkType: hard

"@types/mysql@npm:^2.15.18":
  version: 2.15.18
  resolution: "@types/mysql@npm:2.15.18"
  dependencies:
    "@types/node": "*"
  checksum: e45226c4ac6e2d5b456dd8a5b18b5344ada2d21b571c822fe7e24fdf65b0d7b9ed56951d2ad1fd088a8fb9b0fd2c59090229529991f8e208ecda942cc022dc7b
  languageName: node
  linkType: hard

"@types/node@npm:*, @types/node@npm:^15.0.2":
  version: 15.0.2
  resolution: "@types/node@npm:15.0.2"
  checksum: ea8dd741bf16ad3318cca505783b7c211a5c8bea49202f99ba88d2ce8a804e994e1fd1b575b994e434e8b8ead810da966d588ea112998f8fe8d95cd74c396f8a
  languageName: node
  linkType: hard

"@types/randomstring@npm:^1.1.6":
  version: 1.1.6
  resolution: "@types/randomstring@npm:1.1.6"
  checksum: 9ab87c9f6072c44321dcf6eac2c54328d4ddeb3ea90273f5eedff8147bdf1069701f8b6dcc6ed14b253bccb75fcb6e97a05c0e68a5a724110062fddbd7a5c667
  languageName: node
  linkType: hard

"array-uniq@npm:1.0.2":
  version: 1.0.2
  resolution: "array-uniq@npm:1.0.2"
  checksum: 2b7ad4e3acf54eb4f31229cfe7b9c1f99b0bbe241b8a0ee1e7949bc560daec89655891190e5c7607a503177ac6414c9695636292a292cbe1ebd1bc2fc55ad897
  languageName: node
  linkType: hard

"bignumber.js@npm:9.0.0":
  version: 9.0.0
  resolution: "bignumber.js@npm:9.0.0"
  checksum: 5968a936fbd801d591d35756078c4c3755887346b703f7e77eb2a5506fe900ca7c48baa253c21ed42b45d1d5c7012b69ac57c3936295d16924b7fc257f22bb80
  languageName: node
  linkType: hard

"core-util-is@npm:~1.0.0":
  version: 1.0.2
  resolution: "core-util-is@npm:1.0.2"
  checksum: 089015ee3c462dfceba70faa1df83b42a7bb35db26dae6af283247b06fe3216c65fccd9f00eebcaf98300dc31e981d56aae9f90b624f8f6ff1153e235ff88b65
  languageName: node
  linkType: hard

"inherits@npm:~2.0.3":
  version: 2.0.4
  resolution: "inherits@npm:2.0.4"
  checksum: 98426da247ddfc3dcd7d7daedd90c3ca32d5b08deca08949726f12d49232aef94772a07b36cf4ff833e105ae2ef931777f6de4a6dd8245a216b9299ad4a50bea
  languageName: node
  linkType: hard

"isarray@npm:~1.0.0":
  version: 1.0.0
  resolution: "isarray@npm:1.0.0"
  checksum: b0ff31a290e783f7b3fb73f2951ee7fc2946dc197b05f73577dc77f87dc3be2e0f66007bedf069123d4e5c4b691e7c89a241f6ca06f0c0f4765cdac5aa4b4047
  languageName: node
  linkType: hard

"mysql@npm:^2.18.1":
  version: 2.18.1
  resolution: "mysql@npm:2.18.1"
  dependencies:
    bignumber.js: 9.0.0
    readable-stream: 2.3.7
    safe-buffer: 5.1.2
    sqlstring: 2.3.1
  checksum: 07c6c6c4424edeb51a28347f792f7456ef99b8e95caf01db02b7ddd385ae5623ac1e7534906a29f93e8b27a26f833f4da6e8ee947744860674c71022891f2ad9
  languageName: node
  linkType: hard

"process-nextick-args@npm:~2.0.0":
  version: 2.0.1
  resolution: "process-nextick-args@npm:2.0.1"
  checksum: ddeb0f07d0d5efa649c2c5e39d1afd0e3668df2b392d036c8a508b0034f7beffbc474b3c2f7fd3fed2dc4113cef8f1f7e00d05690df3c611b36f6c7efd7852d1
  languageName: node
  linkType: hard

"randomstring@npm:^1.1.5":
  version: 1.1.5
  resolution: "randomstring@npm:1.1.5"
  dependencies:
    array-uniq: 1.0.2
  bin:
    randomstring: bin/randomstring
  checksum: de32000213a998011946d15c5678c835e1300961f225e31315a95d3b94de9007118a86ced1101e5308f171a2a13c782db21d3294cffcf4b0ae46d059b32a7977
  languageName: node
  linkType: hard

"readable-stream@npm:2.3.7":
  version: 2.3.7
  resolution: "readable-stream@npm:2.3.7"
  dependencies:
    core-util-is: ~1.0.0
    inherits: ~2.0.3
    isarray: ~1.0.0
    process-nextick-args: ~2.0.0
    safe-buffer: ~5.1.1
    string_decoder: ~1.1.1
    util-deprecate: ~1.0.1
  checksum: 6e3826560627a751feb3a8aec073ef94c6e47b8c8e06eb5d136323b5f09db9d2077c23a42a8d54ed0123695af54b36c1e4271a8ec55112b15f4b89020d8dec72
  languageName: node
  linkType: hard

"safe-buffer@npm:5.1.2, safe-buffer@npm:~5.1.0, safe-buffer@npm:~5.1.1":
  version: 5.1.2
  resolution: "safe-buffer@npm:5.1.2"
  checksum: 2708587c1b5e70a5e420714ceb59f30f5791c6e831d39812125a008eca63a4ac18578abd020a0776ea497ff03b4543f2b2a223a7b9073bf2d6c7af9ec6829218
  languageName: node
  linkType: hard

"sqlstring@npm:2.3.1":
  version: 2.3.1
  resolution: "sqlstring@npm:2.3.1"
  checksum: d10f04099cb454524324518ddd970bf9f4dce563088f57bf11a8b45f9eed25229ebbb6a2ad7ca95274734642b4e255bc88ff81f8d42e82561eb2c2ab2a676e07
  languageName: node
  linkType: hard

"string_decoder@npm:~1.1.1":
  version: 1.1.1
  resolution: "string_decoder@npm:1.1.1"
  dependencies:
    safe-buffer: ~5.1.0
  checksum: bc2dc169d83df1b9e94defe7716bcad8a19ffe8211b029581cb0c6f9e83a6a7ba9ec3be38d179708a8643c692868a2b8b004ab159555dc26089ad3fa7b2158f5
  languageName: node
  linkType: hard

typescript@^4.2.4:
  version: 4.2.4
  resolution: "typescript@npm:4.2.4"
  bin:
    tsc: bin/tsc
    tsserver: bin/tsserver
  checksum: edaede2fa77f56b7fba80ee624a2368ab1216e75b0434d968ccb47ab0a5e2f6d94f848b3b111c1237dd71e988cd376af26370dcdad3b94355c76e759f0dd0a1e
  languageName: node
  linkType: hard

"typescript@patch:typescript@^4.2.4#builtin<compat/typescript>":
  version: 4.2.4
  resolution: "typescript@patch:typescript@npm%3A4.2.4#builtin<compat/typescript>::version=4.2.4&hash=a45b0e"
  bin:
    tsc: bin/tsc
    tsserver: bin/tsserver
  checksum: 3be44317593182e8ce494c114e7ad9b0bb2553a22f3085cc6da4f0a36912c20850daa9be4c898af2ab6fc8b12f430c1c9e46ac715721867cd38643f2350d3ef9
  languageName: node
  linkType: hard

"util-deprecate@npm:~1.0.1":
  version: 1.0.2
  resolution: "util-deprecate@npm:1.0.2"
  checksum: 73c2b1cf0210ccac300645384d8443cabbd93194117b2dc1b3bae8d8279ad39aedac857e020c4ea505e96a1045059c7359db3df6a9df0be6b8584166c9d61dc9
  languageName: node
  linkType: hard
