# This file is generated by running "yarn install" inside your project.
# Manual changes might be lost - proceed with caution!

__metadata:
  version: 4
  cacheKey: 7

"@nwylynko/database@workspace:.":
  version: 0.0.0-use.local
  resolution: "@nwylynko/database@workspace:."
  dependencies:
    "@tsconfig/node14": ^1.0.0
    "@types/node": ^15.0.2
    "@types/randomstring": ^1.1.6
    randomstring: ^1.1.5
    typescript: ^4.2.4
  languageName: unknown
  linkType: soft

"@tsconfig/node14@npm:^1.0.0":
  version: 1.0.0
  resolution: "@tsconfig/node14@npm:1.0.0"
  checksum: 3eda14250ed8a03910ce822056f0d2fc2bcf41d9f1f3c6b202a6b32277dc638f475425fe7a1c03fbdba4e7f3b89668ecbac92d101c9e9fb56018c098393759ec
  languageName: node
  linkType: hard

"@types/node@npm:^15.0.2":
  version: 15.0.2
  resolution: "@types/node@npm:15.0.2"
  checksum: ea8dd741bf16ad3318cca505783b7c211a5c8bea49202f99ba88d2ce8a804e994e1fd1b575b994e434e8b8ead810da966d588ea112998f8fe8d95cd74c396f8a
  languageName: node
  linkType: hard

"@types/randomstring@npm:^1.1.6":
  version: 1.1.6
  resolution: "@types/randomstring@npm:1.1.6"
  checksum: 9ab87c9f6072c44321dcf6eac2c54328d4ddeb3ea90273f5eedff8147bdf1069701f8b6dcc6ed14b253bccb75fcb6e97a05c0e68a5a724110062fddbd7a5c667
  languageName: node
  linkType: hard

"array-uniq@npm:1.0.2":
  version: 1.0.2
  resolution: "array-uniq@npm:1.0.2"
  checksum: 2b7ad4e3acf54eb4f31229cfe7b9c1f99b0bbe241b8a0ee1e7949bc560daec89655891190e5c7607a503177ac6414c9695636292a292cbe1ebd1bc2fc55ad897
  languageName: node
  linkType: hard

"randomstring@npm:^1.1.5":
  version: 1.1.5
  resolution: "randomstring@npm:1.1.5"
  dependencies:
    array-uniq: 1.0.2
  bin:
    randomstring: bin/randomstring
  checksum: de32000213a998011946d15c5678c835e1300961f225e31315a95d3b94de9007118a86ced1101e5308f171a2a13c782db21d3294cffcf4b0ae46d059b32a7977
  languageName: node
  linkType: hard

typescript@^4.2.4:
  version: 4.2.4
  resolution: "typescript@npm:4.2.4"
  bin:
    tsc: bin/tsc
    tsserver: bin/tsserver
  checksum: edaede2fa77f56b7fba80ee624a2368ab1216e75b0434d968ccb47ab0a5e2f6d94f848b3b111c1237dd71e988cd376af26370dcdad3b94355c76e759f0dd0a1e
  languageName: node
  linkType: hard

"typescript@patch:typescript@^4.2.4#builtin<compat/typescript>":
  version: 4.2.4
  resolution: "typescript@patch:typescript@npm%3A4.2.4#builtin<compat/typescript>::version=4.2.4&hash=a45b0e"
  bin:
    tsc: bin/tsc
    tsserver: bin/tsserver
  checksum: 3be44317593182e8ce494c114e7ad9b0bb2553a22f3085cc6da4f0a36912c20850daa9be4c898af2ab6fc8b12f430c1c9e46ac715721867cd38643f2350d3ef9
  languageName: node
  linkType: hard
